# Source baseline. Image digests are recorded only after building/pulling and testing.
schema_version: 1
release:
  series: "integrated-2026.09"
  status: "candidate"
  downstream_branch: "downstream/integrated-2026.09"
  production_branch: "production/integrated-2026.09"
  integration_repository: "https://github.com/jwwang2003/tailscale-feishu-integration"
  compatibility_verified: false
components:
  headscale:
    upstream: "https://github.com/juanfont/headscale"
    fork: "https://github.com/jwwang2003/headscale"
    upstream_release_branch: "release-branch/0.29"
    tag: "v0.29.3"
    upstream_commit: "5aff68b5b9921db5ccb88013bb1740077ab872fb"
    source_commit: "905ad57f3f9a995551e3493a0490bdee1732b4bc"
    image: "tailnet/headscale:2026.09-rc.4-arm64"
    image_digest: null
  headplane:
    upstream: "https://github.com/tale/headplane"
    fork: "https://github.com/jwwang2003/headplane"
    tag: "v0.7.1"
    upstream_commit: "30c842ed8dbf011e78596e3a474133ec4069ba79"
    source_commit: "d5f4be6e0b0e415085c242ccbf5a5ae1f4057664"
    image: "tailnet/headplane:2026.09-rc.4-arm64"
    image_digest: null
  casdoor:
    upstream: "https://github.com/casdoor/casdoor"
    fork: "https://github.com/jwwang2003/casdoor"
    tag: "v4.3.0"
    upstream_commit: "270882288296b9611e579a931242ff65f104c29b"
    source_commit: "9d982e2d9f481666190517dd917fd5e6bf7bcd99"
    image: "tailnet/casdoor:2026.09-rc.4-arm64"
    image_digest: null
